
Microsoft Visual Studio Solution File, Format Version 12.00
Project("{FAE04EC0-301F-11D3-BF4B-00C04F79EFBC}") = "CardGame", "CardGame\CardGame.csproj", "{4F42E88E-BC65-499C-B9D5-3E21561FF7D2}"
EndProject
Project("{FAE04EC0-301F-11D3-BF4B-00C04F79EFBC}") = "Server", "Server\Server.csproj", "{D2DBEBDE-E0EA-470E-A952-FCBEA07141E6}"
EndProject
Project("{FAE04EC0-301F-11D3-BF4B-00C04F79EFBC}") = "Models", "Models\Models.csproj", "{2C8C70F6-E979-44A5-A77E-9D87F3C4D830}"
EndProject
Project("{FAE04EC0-301F-11D3-BF4B-00C04F79EFBC}") = "Infrastructure", "Infrastructure\Infrastructure.csproj", "{2C34EF0A-47D0-48CA-B993-EEEA31D84018}"
EndProject
Project("{FAE04EC0-301F-11D3-BF4B-00C04F79EFBC}") = "CardGameTests", "CardGameTests\CardGameTests.csproj", "{C8AF31B9-3F5E-418F-A36D-A1B0F5F3B4C5}"
EndProject
Global
	GlobalSection(SolutionConfigurationPlatforms) = preSolution
		Debug|Any CPU = Debug|Any CPU
		Release|Any CPU = Release|Any CPU
	EndGlobalSection
	GlobalSection(ProjectConfigurationPlatforms) = postSolution
		{4F42E88E-BC65-499C-B9D5-3E21561FF7D2}.Debug|Any CPU.ActiveCfg = Debug|Any CPU
		{4F42E88E-BC65-499C-B9D5-3E21561FF7D2}.Debug|Any CPU.Build.0 = Debug|Any CPU
		{4F42E88E-BC65-499C-B9D5-3E21561FF7D2}.Release|Any CPU.ActiveCfg = Release|Any CPU
		{4F42E88E-BC65-499C-B9D5-3E21561FF7D2}.Release|Any CPU.Build.0 = Release|Any CPU
		{D2DBEBDE-E0EA-470E-A952-FCBEA07141E6}.Debug|Any CPU.ActiveCfg = Debug|Any CPU
		{D2DBEBDE-E0EA-470E-A952-FCBEA07141E6}.Debug|Any CPU.Build.0 = Debug|Any CPU
		{D2DBEBDE-E0EA-470E-A952-FCBEA07141E6}.Release|Any CPU.ActiveCfg = Release|Any CPU
		{D2DBEBDE-E0EA-470E-A952-FCBEA07141E6}.Release|Any CPU.Build.0 = Release|Any CPU
		{2C8C70F6-E979-44A5-A77E-9D87F3C4D830}.Debug|Any CPU.ActiveCfg = Debug|Any CPU
		{2C8C70F6-E979-44A5-A77E-9D87F3C4D830}.Debug|Any CPU.Build.0 = Debug|Any CPU
		{2C8C70F6-E979-44A5-A77E-9D87F3C4D830}.Release|Any CPU.ActiveCfg = Release|Any CPU
		{2C8C70F6-E979-44A5-A77E-9D87F3C4D830}.Release|Any CPU.Build.0 = Release|Any CPU
		{2C34EF0A-47D0-48CA-B993-EEEA31D84018}.Debug|Any CPU.ActiveCfg = Debug|Any CPU
		{2C34EF0A-47D0-48CA-B993-EEEA31D84018}.Debug|Any CPU.Build.0 = Debug|Any CPU
		{2C34EF0A-47D0-48CA-B993-EEEA31D84018}.Release|Any CPU.ActiveCfg = Release|Any CPU
		{2C34EF0A-47D0-48CA-B993-EEEA31D84018}.Release|Any CPU.Build.0 = Release|Any CPU
		{C8AF31B9-3F5E-418F-A36D-A1B0F5F3B4C5}.Debug|Any CPU.ActiveCfg = Debug|Any CPU
		{C8AF31B9-3F5E-418F-A36D-A1B0F5F3B4C5}.Debug|Any CPU.Build.0 = Debug|Any CPU
		{C8AF31B9-3F5E-418F-A36D-A1B0F5F3B4C5}.Release|Any CPU.ActiveCfg = Release|Any CPU
		{C8AF31B9-3F5E-418F-A36D-A1B0F5F3B4C5}.Release|Any CPU.Build.0 = Release|Any CPU
	EndGlobalSection
EndGlobal
